
Microsoft Visual Studio Solution File, Format Version 12.00
# Visual Studio Version 16
VisualStudioVersion = 16.0.32413.511
MinimumVisualStudioVersion = 10.0.40219.1
Project("{FAE04EC0-301F-11D3-BF4B-00C04F79EFBC}") = "zad", "zad.csproj", "{337CD8B6-C466-4670-A1F7-0CED1FE25D07}"
EndProject
Global
	GlobalSection(SolutionConfigurationPlatforms) = preSolution
		Debug|Any CPU = Debug|Any CPU
		Release|Any CPU = Release|Any CPU
	EndGlobalSection
	GlobalSection(ProjectConfigurationPlatforms) = postSolution
		{337CD8B6-C466-4670-A1F7-0CED1FE25D07}.Debug|Any CPU.ActiveCfg = Debug|Any CPU
		{337CD8B6-C466-4670-A1F7-0CED1FE25D07}.Debug|Any CPU.Build.0 = Debug|Any CPU
		{337CD8B6-C466-4670-A1F7-0CED1FE25D07}.Release|Any CPU.ActiveCfg = Release|Any CPU
		{337CD8B6-C466-4670-A1F7-0CED1FE25D07}.Release|Any CPU.Build.0 = Release|Any CPU
	EndGlobalSection
	GlobalSection(SolutionProperties) = preSolution
		HideSolutionNode = FALSE
	EndGlobalSection
	GlobalSection(ExtensibilityGlobals) = postSolution
		SolutionGuid = {94D992C2-073F-47B4-BC79-433A80348707}
	EndGlobalSection
EndGlobal
